// !$*UTF8*$!
{
	archiveVersion = 1;
	classes = {
	};
	objectVersion = 50;
	objects = {

/* Begin PBXBuildFile section */
		4D1F81992114A5280034D63E /* RobotoMono-Regular.ttf in Resources */ = {isa = PBXBuildFile; fileRef = 4D1F81982114A5280034D63E /* RobotoMono-Regular.ttf */; };
		4D1F819B2114A5680034D63E /* RobotoMono-Light.ttf in Resources */ = {isa = PBXBuildFile; fileRef = 4D1F819A2114A5680034D63E /* RobotoMono-Light.ttf */; };
		4D1F819D2114A82F0034D63E /* WindowController.swift in Sources */ = {isa = PBXBuildFile; fileRef = 4D1F819C2114A82F0034D63E /* WindowController.swift */; };
		4D1F81A82114B9B90034D63E /* LineNumberRulerView.swift in Sources */ = {isa = PBXBuildFile; fileRef = 4D1F81A72114B9B90034D63E /* LineNumberRulerView.swift */; };
		4D416E2B21120C0B003F064F /* AppDelegate.swift in Sources */ = {isa = PBXBuildFile; fileRef = 4D416E2A21120C0B003F064F /* AppDelegate.swift */; };
		4D416E2D21120C0B003F064F /* ViewController.swift in Sources */ = {isa = PBXBuildFile; fileRef = 4D416E2C21120C0B003F064F /* ViewController.swift */; };
		4D416E2F21120C0C003F064F /* Assets.xcassets in Resources */ = {isa = PBXBuildFile; fileRef = 4D416E2E21120C0C003F064F /* Assets.xcassets */; };
		4D416E3221120C0C003F064F /* Main.storyboard in Resources */ = {isa = PBXBuildFile; fileRef = 4D416E3021120C0C003F064F /* Main.storyboard */; };
/* End PBXBuildFile section */

/* Begin PBXFileReference section */
		4D1F81982114A5280034D63E /* RobotoMono-Regular.ttf */ = {isa = PBXFileReference; lastKnownFileType = file; path = "RobotoMono-Regular.ttf"; sourceTree = "<group>"; };
		4D1F819A2114A5680034D63E /* RobotoMono-Light.ttf */ = {isa = PBXFileReference; lastKnownFileType = file; path = "RobotoMono-Light.ttf"; sourceTree = "<group>"; };
		4D1F819C2114A82F0034D63E /* WindowController.swift */ = {isa = PBXFileReference; lastKnownFileType = sourcecode.swift; path = WindowController.swift; sourceTree = "<group>"; };
		4D1F81A72114B9B90034D63E /* LineNumberRulerView.swift */ = {isa = PBXFileReference; fileEncoding = 4; lastKnownFileType = sourcecode.swift; path = LineNumberRulerView.swift; sourceTree = "<group>"; };
		4D416E2721120C0B003F064F /* InspectorTool.app */ = {isa = PBXFileReference; explicitFileType = wrapper.application; includeInIndex = 0; path = InspectorTool.app; sourceTree = BUILT_PRODUCTS_DIR; };
		4D416E2A21120C0B003F064F /* AppDelegate.swift */ = {isa = PBXFileReference; lastKnownFileType = sourcecode.swift; path = AppDelegate.swift; sourceTree = "<group>"; };
		4D416E2C21120C0B003F064F /* ViewController.swift */ = {isa = PBXFileReference; lastKnownFileType = sourcecode.swift; path = ViewController.swift; sourceTree = "<group>"; };
		4D416E2E21120C0C003F064F /* Assets.xcassets */ = {isa = PBXFileReference; lastKnownFileType = folder.assetcatalog; path = Assets.xcassets; sourceTree = "<group>"; };
		4D416E3121120C0C003F064F /* Base */ = {isa = PBXFileReference; lastKnownFileType = file.storyboard; name = Base; path = Base.lproj/Main.storyboard; sourceTree = "<group>"; };
		4D416E3321120C0C003F064F /* Info.plist */ = {isa = PBXFileReference; lastKnownFileType = text.plist.xml; path = Info.plist; sourceTree = "<group>"; };
		4D416E3421120C0C003F064F /* InspectorTool.entitlements */ = {isa = PBXFileReference; lastKnownFileType = text.plist.entitlements; path = InspectorTool.entitlements; sourceTree = "<group>"; };
/* End PBXFileReference section */

/* Begin PBXFrameworksBuildPhase section */
		4D416E2421120C0B003F064F /* Frameworks */ = {
			isa = PBXFrameworksBuildPhase;
			buildActionMask = 2147483647;
			files = (
			);
			runOnlyForDeploymentPostprocessing = 0;
		};
/* End PBXFrameworksBuildPhase section */

/* Begin PBXGroup section */
		4D1F81952114A3A70034D63E /* Supporting Files */ = {
			isa = PBXGroup;
			children = (
				4D1F819A2114A5680034D63E /* RobotoMono-Light.ttf */,
				4D1F81982114A5280034D63E /* RobotoMono-Regular.ttf */,
				4D1F81A72114B9B90034D63E /* LineNumberRulerView.swift */,
			);
			path = "Supporting Files";
			sourceTree = "<group>";
		};
		4D416E1E21120C0B003F064F = {
			isa = PBXGroup;
			children = (
				4D416E2921120C0B003F064F /* InspectorTool */,
				4D416E2821120C0B003F064F /* Products */,
			);
			sourceTree = "<group>";
		};
		4D416E2821120C0B003F064F /* Products */ = {
			isa = PBXGroup;
			children = (
				4D416E2721120C0B003F064F /* InspectorTool.app */,
			);
			name = Products;
			sourceTree = "<group>";
		};
		4D416E2921120C0B003F064F /* InspectorTool */ = {
			isa = PBXGroup;
			children = (
				4D416E2A21120C0B003F064F /* AppDelegate.swift */,
				4D416E2C21120C0B003F064F /* ViewController.swift */,
				4D1F819C2114A82F0034D63E /* WindowController.swift */,
				4D416E2E21120C0C003F064F /* Assets.xcassets */,
				4D416E3021120C0C003F064F /* Main.storyboard */,
				4D416E3321120C0C003F064F /* Info.plist */,
				4D416E3421120C0C003F064F /* InspectorTool.entitlements */,
				4D1F81952114A3A70034D63E /* Supporting Files */,
			);
			path = InspectorTool;
			sourceTree = "<group>";
		};
/* End PBXGroup section */

/* Begin PBXNativeTarget section */
		4D416E2621120C0B003F064F /* InspectorTool */ = {
			isa = PBXNativeTarget;
			buildConfigurationList = 4D416E3721120C0C003F064F /* Build configuration list for PBXNativeTarget "InspectorTool" */;
			buildPhases = (
				4D416E2321120C0B003F064F /* Sources */,
				4D416E2421120C0B003F064F /* Frameworks */,
				4D416E2521120C0B003F064F /* Resources */,
			);
			buildRules = (
			);
			dependencies = (
			);
			name = InspectorTool;
			productName = InspectorTool;
			productReference = 4D416E2721120C0B003F064F /* InspectorTool.app */;
			productType = "com.apple.product-type.application";
		};
/* End PBXNativeTarget section */

/* Begin PBXProject section */
		4D416E1F21120C0B003F064F /* Project object */ = {
			isa = PBXProject;
			attributes = {
				LastSwiftUpdateCheck = 0940;
				LastUpgradeCheck = 0940;
				ORGANIZATIONNAME = "Justin Bush";
				TargetAttributes = {
					4D416E2621120C0B003F064F = {
						CreatedOnToolsVersion = 9.4.1;
					};
				};
			};
			buildConfigurationList = 4D416E2221120C0B003F064F /* Build configuration list for PBXProject "InspectorTool" */;
			compatibilityVersion = "Xcode 9.3";
			developmentRegion = en;
			hasScannedForEncodings = 0;
			knownRegions = (
				en,
				Base,
			);
			mainGroup = 4D416E1E21120C0B003F064F;
			productRefGroup = 4D416E2821120C0B003F064F /* Products */;
			projectDirPath = "";
			projectRoot = "";
			targets = (
				4D416E2621120C0B003F064F /* InspectorTool */,
			);
		};
/* End PBXProject section */

/* Begin PBXResourcesBuildPhase section */
		4D416E2521120C0B003F064F /* Resources */ = {
			isa = PBXResourcesBuildPhase;
			buildActionMask = 2147483647;
			files = (
				4D416E2F21120C0C003F064F /* Assets.xcassets in Resources */,
				4D416E3221120C0C003F064F /* Main.storyboard in Resources */,
				4D1F81992114A5280034D63E /* RobotoMono-Regular.ttf in Resources */,
				4D1F819B2114A5680034D63E /* RobotoMono-Light.ttf in Resources */,
			);
			runOnlyForDeploymentPostprocessing = 0;
		};
/* End PBXResourcesBuildPhase section */

/* Begin PBXSourcesBuildPhase section */
		4D416E2321120C0B003F064F /* Sources */ = {
			isa = PBXSourcesBuildPhase;
			buildActionMask = 2147483647;
			files = (
				4D1F819D2114A82F0034D63E /* WindowController.swift in Sources */,
				4D416E2D21120C0B003F064F /* ViewController.swift in Sources */,
				4D1F81A82114B9B90034D63E /* LineNumberRulerView.swift in Sources */,
				4D416E2B21120C0B003F064F /* AppDelegate.swift in Sources */,
			);
			runOnlyForDeploymentPostprocessing = 0;
		};
/* End PBXSourcesBuildPhase section */

/* Begin PBXVariantGroup section */
		4D416E3021120C0C003F064F /* Main.storyboard */ = {
			isa = PBXVariantGroup;
			children = (
				4D416E3121120C0C003F064F /* Base */,
			);
			name = Main.storyboard;
			sourceTree = "<group>";
		};
/* End PBXVariantGroup section */

/* Begin XCBuildConfiguration section */
		4D416E3521120C0C003F064F /* Debug */ = {
			isa = XCBuildConfiguration;
			buildSettings = {
				ALWAYS_SEARCH_USER_PATHS = NO;
				CLANG_ANALYZER_NONNULL = YES;
				CLANG_ANALYZER_NUMBER_OBJECT_CONVERSION = YES_AGGRESSIVE;
				CLANG_CXX_LANGUAGE_STANDARD = "gnu++14";
				CLANG_CXX_LIBRARY = "libc++";
				CLANG_ENABLE_MODULES = YES;
				CLANG_ENABLE_OBJC_ARC = YES;
				CLANG_ENABLE_OBJC_WEAK = YES;
				CLANG_WARN_BLOCK_CAPTURE_AUTORELEASING = YES;
				CLANG_WARN_BOOL_CONVERSION = YES;
				CLANG_WARN_COMMA = YES;
				CLANG_WARN_CONSTANT_CONVERSION = YES;
				CLANG_WARN_DEPRECATED_OBJC_IMPLEMENTATIONS = YES;
				CLANG_WARN_DIRECT_OBJC_ISA_USAGE = YES_ERROR;
				CLANG_WARN_DOCUMENTATION_COMMENTS = YES;
				CLANG_WARN_EMPTY_BODY = YES;
				CLANG_WARN_ENUM_CONVERSION = YES;
				CLANG_WARN_INFINITE_RECURSION = YES;
				CLANG_WARN_INT_CONVERSION = YES;
				CLANG_WARN_NON_LITERAL_NULL_CONVERSION = YES;
				CLANG_WARN_OBJC_IMPLICIT_RETAIN_SELF = YES;
				CLANG_WARN_OBJC_LITERAL_CONVERSION = YES;
				CLANG_WARN_OBJC_ROOT_CLASS = YES_ERROR;
				CLANG_WARN_RANGE_LOOP_ANALYSIS = YES;
				CLANG_WARN_STRICT_PROTOTYPES = YES;
				CLANG_WARN_SUSPICIOUS_MOVE = YES;
				CLANG_WARN_UNGUARDED_AVAILABILITY = YES_AGGRESSIVE;
				CLANG_WARN_UNREACHABLE_CODE = YES;
				CLANG_WARN__DUPLICATE_METHOD_MATCH = YES;
				CODE_SIGN_IDENTITY = "Mac Developer";
				COPY_PHASE_STRIP = NO;
				DEBUG_INFORMATION_FORMAT = dwarf;
				ENABLE_STRICT_OBJC_MSGSEND = YES;
				ENABLE_TESTABILITY = YES;
				GCC_C_LANGUAGE_STANDARD = gnu11;
				GCC_DYNAMIC_NO_PIC = NO;
				GCC_NO_COMMON_BLOCKS = YES;
				GCC_OPTIMIZATION_LEVEL = 0;
				GCC_PREPROCESSOR_DEFINITIONS = (
					"DEBUG=1",
					"$(inherited)",
				);
				GCC_WARN_64_TO_32_BIT_CONVERSION = YES;
				GCC_WARN_ABOUT_RETURN_TYPE = YES_ERROR;
				GCC_WARN_UNDECLARED_SELECTOR = YES;
				GCC_WARN_UNINITIALIZED_AUTOS = YES_AGGRESSIVE;
				GCC_WARN_UNUSED_FUNCTION = YES;
				GCC_WARN_UNUSED_VARIABLE = YES;
				MACOSX_DEPLOYMENT_TARGET = 10.13;
				MTL_ENABLE_DEBUG_INFO = YES;
				ONLY_ACTIVE_ARCH = YES;
				SDKROOT = macosx;
				SWIFT_ACTIVE_COMPILATION_CONDITIONS = DEBUG;
				SWIFT_OPTIMIZATION_LEVEL = "-Onone";
			};
			name = Debug;
		};
		4D416E3621120C0C003F064F /* Release */ = {
			isa = XCBuildConfiguration;
			buildSettings = {
				ALWAYS_SEARCH_USER_PATHS = NO;
				CLANG_ANALYZER_NONNULL = YES;
				CLANG_ANALYZER_NUMBER_OBJECT_CONVERSION = YES_AGGRESSIVE;
				CLANG_CXX_LANGUAGE_STANDARD = "gnu++14";
				CLANG_CXX_LIBRARY = "libc++";
				CLANG_ENABLE_MODULES = YES;
				CLANG_ENABLE_OBJC_ARC = YES;
				CLANG_ENABLE_OBJC_WEAK = YES;
				CLANG_WARN_BLOCK_CAPTURE_AUTORELEASING = YES;
				CLANG_WARN_BOOL_CONVERSION = YES;
				CLANG_WARN_COMMA = YES;
				CLANG_WARN_CONSTANT_CONVERSION = YES;
				CLANG_WARN_DEPRECATED_OBJC_IMPLEMENTATIONS = YES;
				CLANG_WARN_DIRECT_OBJC_ISA_USAGE = YES_ERROR;
				CLANG_WARN_DOCUMENTATION_COMMENTS = YES;
				CLANG_WARN_EMPTY_BODY = YES;
				CLANG_WARN_ENUM_CONVERSION = YES;
				CLANG_WARN_INFINITE_RECURSION = YES;
				CLANG_WARN_INT_CONVERSION = YES;
				CLANG_WARN_NON_LITERAL_NULL_CONVERSION = YES;
				CLANG_WARN_OBJC_IMPLICIT_RETAIN_SELF = YES;
				CLANG_WARN_OBJC_LITERAL_CONVERSION = YES;
				CLANG_WARN_OBJC_ROOT_CLASS = YES_ERROR;
				CLANG_WARN_RANGE_LOOP_ANALYSIS = YES;
				CLANG_WARN_STRICT_PROTOTYPES = YES;
				CLANG_WARN_SUSPICIOUS_MOVE = YES;
				CLANG_WARN_UNGUARDED_AVAILABILITY = YES_AGGRESSIVE;
				CLANG_WARN_UNREACHABLE_CODE = YES;
				CLANG_WARN__DUPLICATE_METHOD_MATCH = YES;
				CODE_SIGN_IDENTITY = "Mac Developer";
				COPY_PHASE_STRIP = NO;
				DEBUG_INFORMATION_FORMAT = "dwarf-with-dsym";
				ENABLE_NS_ASSERTIONS = NO;
				ENABLE_STRICT_OBJC_MSGSEND = YES;
				GCC_C_LANGUAGE_STANDARD = gnu11;
				GCC_NO_COMMON_BLOCKS = YES;
				GCC_WARN_64_TO_32_BIT_CONVERSION = YES;
				GCC_WARN_ABOUT_RETURN_TYPE = YES_ERROR;
				GCC_WARN_UNDECLARED_SELECTOR = YES;
				GCC_WARN_UNINITIALIZED_AUTOS = YES_AGGRESSIVE;
				GCC_WARN_UNUSED_FUNCTION = YES;
				GCC_WARN_UNUSED_VARIABLE = YES;
				MACOSX_DEPLOYMENT_TARGET = 10.13;
				MTL_ENABLE_DEBUG_INFO = NO;
				SDKROOT = macosx;
				SWIFT_COMPILATION_MODE = wholemodule;
				SWIFT_OPTIMIZATION_LEVEL = "-O";
			};
			name = Release;
		};
		4D416E3821120C0C003F064F /* Debug */ = {
			isa = XCBuildConfiguration;
			buildSettings = {
				ASSETCATALOG_COMPILER_APPICON_NAME = AppIcon;
				CODE_SIGN_ENTITLEMENTS = InspectorTool/InspectorTool.entitlements;
				CODE_SIGN_STYLE = Automatic;
				COMBINE_HIDPI_IMAGES = YES;
				DEVELOPMENT_TEAM = 85N3S3DG8M;
				INFOPLIST_FILE = InspectorTool/Info.plist;
				LD_RUNPATH_SEARCH_PATHS = (
					"$(inherited)",
					"@executable_path/../Frameworks",
				);
				PRODUCT_BUNDLE_IDENTIFIER = ca.devsec.InspectorTool;
				PRODUCT_NAME = "$(TARGET_NAME)";
				SWIFT_VERSION = 4.0;
			};
			name = Debug;
		};
		4D416E3921120C0C003F064F /* Release */ = {
			isa = XCBuildConfiguration;
			buildSettings = {
				ASSETCATALOG_COMPILER_APPICON_NAME = AppIcon;
				CODE_SIGN_ENTITLEMENTS = InspectorTool/InspectorTool.entitlements;
				CODE_SIGN_STYLE = Automatic;
				COMBINE_HIDPI_IMAGES = YES;
				DEVELOPMENT_TEAM = 85N3S3DG8M;
				INFOPLIST_FILE = InspectorTool/Info.plist;
				LD_RUNPATH_SEARCH_PATHS = (
					"$(inherited)",
					"@executable_path/../Frameworks",
				);
				PRODUCT_BUNDLE_IDENTIFIER = ca.devsec.InspectorTool;
				PRODUCT_NAME = "$(TARGET_NAME)";
				SWIFT_VERSION = 4.0;
			};
			name = Release;
		};
/* End XCBuildConfiguration section */

/* Begin XCConfigurationList section */
		4D416E2221120C0B003F064F /* Build configuration list for PBXProject "InspectorTool" */ = {
			isa = XCConfigurationList;
			buildConfigurations = (
				4D416E3521120C0C003F064F /* Debug */,
				4D416E3621120C0C003F064F /* Release */,
			);
			defaultConfigurationIsVisible = 0;
			defaultConfigurationName = Release;
		};
		4D416E3721120C0C003F064F /* Build configuration list for PBXNativeTarget "InspectorTool" */ = {
			isa = XCConfigurationList;
			buildConfigurations = (
				4D416E3821120C0C003F064F /* Debug */,
				4D416E3921120C0C003F064F /* Release */,
			);
			defaultConfigurationIsVisible = 0;
			defaultConfigurationName = Release;
		};
/* End XCConfigurationList section */
	};
	rootObject = 4D416E1F21120C0B003F064F /* Project object */;
}
